{
  "version": "4",
  "specifiers": {
    "jsr:@std/assert@1": "1.0.8",
    "jsr:@std/dotenv@~0.225.2": "0.225.2",
    "jsr:@std/internal@^1.0.5": "1.0.5",
    "npm:@datastructures-js/priority-queue@^6.3.1": "6.3.1",
    "npm:immutable@^5.0.3": "5.0.3"
  },
  "jsr": {
    "@std/assert@1.0.8": {
      "integrity": "ebe0bd7eb488ee39686f77003992f389a06c3da1bbd8022184804852b2fa641b",
      "dependencies": [
        "jsr:@std/internal"
      ]
    },
    "@std/dotenv@0.225.2": {
      "integrity": "e2025dce4de6c7bca21dece8baddd4262b09d5187217e231b033e088e0c4dd23"
    },
    "@std/internal@1.0.5": {
      "integrity": "54a546004f769c1ac9e025abd15a76b6671ddc9687e2313b67376125650dc7ba"
    }
  },
  "npm": {
    "@datastructures-js/heap@4.3.3": {
      "integrity": "sha512-UcUu/DLh/aM4W3C8zZfwxxm6/6FIZUlm3mcAXuNOCa6Aj4iizNvNXQyb8DjZQH2jKSQbMRyNlngP6TPimuGjpQ=="
    },
    "@datastructures-js/priority-queue@6.3.1": {
      "integrity": "sha512-eoxkWql/j0VJ0UFMFTpnyJz4KbEEVQ6aZ/JuJUgenu0Im4tYKylAycNGsYCHGXiVNEd7OKGVwfx1Ac3oYkuu7A==",
      "dependencies": [
        "@datastructures-js/heap"
      ]
    },
    "immutable@5.0.3": {
      "integrity": "sha512-P8IdPQHq3lA1xVeBRi5VPqUm5HDgKnx0Ru51wZz5mjxHr5n3RWhjIpOFU7ybkUxfB+5IToy+OLaHYDBIWsv+uw=="
    }
  },
  "workspace": {
    "dependencies": [
      "jsr:@std/assert@1",
      "jsr:@std/dotenv@~0.225.2",
      "npm:@datastructures-js/priority-queue@^6.3.1",
      "npm:immutable@^5.0.3"
    ]
  }
}
